// !$*UTF8*$!
{
	archiveVersion = 1;
	classes = {
	};
	objectVersion = 50;
	objects = {

/* Begin PBXBuildFile section */
		FA61FCE026C9575600F79329 /* AppDelegate.swift in Sources */ = {isa = PBXBuildFile; fileRef = FA61FCDF26C9575600F79329 /* AppDelegate.swift */; };
		FA61FCE226C9575600F79329 /* SceneDelegate.swift in Sources */ = {isa = PBXBuildFile; fileRef = FA61FCE126C9575600F79329 /* SceneDelegate.swift */; };
		FA61FCE726C9575600F79329 /* Main.storyboard in Resources */ = {isa = PBXBuildFile; fileRef = FA61FCE526C9575600F79329 /* Main.storyboard */; };
		FA61FCE926C9575600F79329 /* Assets.xcassets in Resources */ = {isa = PBXBuildFile; fileRef = FA61FCE826C9575600F79329 /* Assets.xcassets */; };
		FA61FCEC26C9575600F79329 /* LaunchScreen.storyboard in Resources */ = {isa = PBXBuildFile; fileRef = FA61FCEA26C9575600F79329 /* LaunchScreen.storyboard */; };
		FA61FCF426C95A9300F79329 /* TableViewController.swift in Sources */ = {isa = PBXBuildFile; fileRef = FA61FCF326C95A9300F79329 /* TableViewController.swift */; };
		FA61FCF626C95ACA00F79329 /* AddViewController.swift in Sources */ = {isa = PBXBuildFile; fileRef = FA61FCF526C95ACA00F79329 /* AddViewController.swift */; };
		FA61FCF826C95AE300F79329 /* DetailViewController.swift in Sources */ = {isa = PBXBuildFile; fileRef = FA61FCF726C95AE300F79329 /* DetailViewController.swift */; };
		FA61FCFC26C95C1700F79329 /* cart.png in Resources */ = {isa = PBXBuildFile; fileRef = FA61FCF926C95C1700F79329 /* cart.png */; };
		FA61FCFD26C95C1700F79329 /* clock.png in Resources */ = {isa = PBXBuildFile; fileRef = FA61FCFA26C95C1700F79329 /* clock.png */; };
		FA61FCFE26C95C1700F79329 /* pencil.png in Resources */ = {isa = PBXBuildFile; fileRef = FA61FCFB26C95C1700F79329 /* pencil.png */; };
/* End PBXBuildFile section */

/* Begin PBXFileReference section */
		FA61FCDC26C9575600F79329 /* Table.app */ = {isa = PBXFileReference; explicitFileType = wrapper.application; includeInIndex = 0; path = Table.app; sourceTree = BUILT_PRODUCTS_DIR; };
		FA61FCDF26C9575600F79329 /* AppDelegate.swift */ = {isa = PBXFileReference; lastKnownFileType = sourcecode.swift; path = AppDelegate.swift; sourceTree = "<group>"; };
		FA61FCE126C9575600F79329 /* SceneDelegate.swift */ = {isa = PBXFileReference; lastKnownFileType = sourcecode.swift; path = SceneDelegate.swift; sourceTree = "<group>"; };
		FA61FCE626C9575600F79329 /* Base */ = {isa = PBXFileReference; lastKnownFileType = file.storyboard; name = Base; path = Base.lproj/Main.storyboard; sourceTree = "<group>"; };
		FA61FCE826C9575600F79329 /* Assets.xcassets */ = {isa = PBXFileReference; lastKnownFileType = folder.assetcatalog; path = Assets.xcassets; sourceTree = "<group>"; };
		FA61FCEB26C9575600F79329 /* Base */ = {isa = PBXFileReference; lastKnownFileType = file.storyboard; name = Base; path = Base.lproj/LaunchScreen.storyboard; sourceTree = "<group>"; };
		FA61FCED26C9575600F79329 /* Info.plist */ = {isa = PBXFileReference; lastKnownFileType = text.plist.xml; path = Info.plist; sourceTree = "<group>"; };
		FA61FCF326C95A9300F79329 /* TableViewController.swift */ = {isa = PBXFileReference; lastKnownFileType = sourcecode.swift; path = TableViewController.swift; sourceTree = "<group>"; };
		FA61FCF526C95ACA00F79329 /* AddViewController.swift */ = {isa = PBXFileReference; lastKnownFileType = sourcecode.swift; path = AddViewController.swift; sourceTree = "<group>"; };
		FA61FCF726C95AE300F79329 /* DetailViewController.swift */ = {isa = PBXFileReference; lastKnownFileType = sourcecode.swift; path = DetailViewController.swift; sourceTree = "<group>"; };
		FA61FCF926C95C1700F79329 /* cart.png */ = {isa = PBXFileReference; lastKnownFileType = image.png; path = cart.png; sourceTree = "<group>"; };
		FA61FCFA26C95C1700F79329 /* clock.png */ = {isa = PBXFileReference; lastKnownFileType = image.png; path = clock.png; sourceTree = "<group>"; };
		FA61FCFB26C95C1700F79329 /* pencil.png */ = {isa = PBXFileReference; lastKnownFileType = image.png; path = pencil.png; sourceTree = "<group>"; };
/* End PBXFileReference section */

/* Begin PBXFrameworksBuildPhase section */
		FA61FCD926C9575600F79329 /* Frameworks */ = {
			isa = PBXFrameworksBuildPhase;
			buildActionMask = 2147483647;
			files = (
			);
			runOnlyForDeploymentPostprocessing = 0;
		};
/* End PBXFrameworksBuildPhase section */

/* Begin PBXGroup section */
		FA61FCD326C9575600F79329 = {
			isa = PBXGroup;
			children = (
				FA61FCDE26C9575600F79329 /* Table */,
				FA61FCDD26C9575600F79329 /* Products */,
			);
			sourceTree = "<group>";
		};
		FA61FCDD26C9575600F79329 /* Products */ = {
			isa = PBXGroup;
			children = (
				FA61FCDC26C9575600F79329 /* Table.app */,
			);
			name = Products;
			sourceTree = "<group>";
		};
		FA61FCDE26C9575600F79329 /* Table */ = {
			isa = PBXGroup;
			children = (
				FA61FCF926C95C1700F79329 /* cart.png */,
				FA61FCFA26C95C1700F79329 /* clock.png */,
				FA61FCFB26C95C1700F79329 /* pencil.png */,
				FA61FCDF26C9575600F79329 /* AppDelegate.swift */,
				FA61FCE126C9575600F79329 /* SceneDelegate.swift */,
				FA61FCF326C95A9300F79329 /* TableViewController.swift */,
				FA61FCE526C9575600F79329 /* Main.storyboard */,
				FA61FCF526C95ACA00F79329 /* AddViewController.swift */,
				FA61FCE826C9575600F79329 /* Assets.xcassets */,
				FA61FCF726C95AE300F79329 /* DetailViewController.swift */,
				FA61FCEA26C9575600F79329 /* LaunchScreen.storyboard */,
				FA61FCED26C9575600F79329 /* Info.plist */,
			);
			path = Table;
			sourceTree = "<group>";
		};
/* End PBXGroup section */

/* Begin PBXNativeTarget section */
		FA61FCDB26C9575600F79329 /* Table */ = {
			isa = PBXNativeTarget;
			buildConfigurationList = FA61FCF026C9575600F79329 /* Build configuration list for PBXNativeTarget "Table" */;
			buildPhases = (
				FA61FCD826C9575600F79329 /* Sources */,
				FA61FCD926C9575600F79329 /* Frameworks */,
				FA61FCDA26C9575600F79329 /* Resources */,
			);
			buildRules = (
			);
			dependencies = (
			);
			name = Table;
			productName = Table;
			productReference = FA61FCDC26C9575600F79329 /* Table.app */;
			productType = "com.apple.product-type.application";
		};
/* End PBXNativeTarget section */

/* Begin PBXProject section */
		FA61FCD426C9575600F79329 /* Project object */ = {
			isa = PBXProject;
			attributes = {
				LastSwiftUpdateCheck = 1250;
				LastUpgradeCheck = 1250;
				TargetAttributes = {
					FA61FCDB26C9575600F79329 = {
						CreatedOnToolsVersion = 12.5.1;
					};
				};
			};
			buildConfigurationList = FA61FCD726C9575600F79329 /* Build configuration list for PBXProject "Table" */;
			compatibilityVersion = "Xcode 9.3";
			developmentRegion = en;
			hasScannedForEncodings = 0;
			knownRegions = (
				en,
				Base,
			);
			mainGroup = FA61FCD326C9575600F79329;
			productRefGroup = FA61FCDD26C9575600F79329 /* Products */;
			projectDirPath = "";
			projectRoot = "";
			targets = (
				FA61FCDB26C9575600F79329 /* Table */,
			);
		};
/* End PBXProject section */

/* Begin PBXResourcesBuildPhase section */
		FA61FCDA26C9575600F79329 /* Resources */ = {
			isa = PBXResourcesBuildPhase;
			buildActionMask = 2147483647;
			files = (
				FA61FCFE26C95C1700F79329 /* pencil.png in Resources */,
				FA61FCEC26C9575600F79329 /* LaunchScreen.storyboard in Resources */,
				FA61FCFD26C95C1700F79329 /* clock.png in Resources */,
				FA61FCFC26C95C1700F79329 /* cart.png in Resources */,
				FA61FCE926C9575600F79329 /* Assets.xcassets in Resources */,
				FA61FCE726C9575600F79329 /* Main.storyboard in Resources */,
			);
			runOnlyForDeploymentPostprocessing = 0;
		};
/* End PBXResourcesBuildPhase section */

/* Begin PBXSourcesBuildPhase section */
		FA61FCD826C9575600F79329 /* Sources */ = {
			isa = PBXSourcesBuildPhase;
			buildActionMask = 2147483647;
			files = (
				FA61FCE026C9575600F79329 /* AppDelegate.swift in Sources */,
				FA61FCF426C95A9300F79329 /* TableViewController.swift in Sources */,
				FA61FCF826C95AE300F79329 /* DetailViewController.swift in Sources */,
				FA61FCF626C95ACA00F79329 /* AddViewController.swift in Sources */,
				FA61FCE226C9575600F79329 /* SceneDelegate.swift in Sources */,
			);
			runOnlyForDeploymentPostprocessing = 0;
		};
/* End PBXSourcesBuildPhase section */

/* Begin PBXVariantGroup section */
		FA61FCE526C9575600F79329 /* Main.storyboard */ = {
			isa = PBXVariantGroup;
			children = (
				FA61FCE626C9575600F79329 /* Base */,
			);
			name = Main.storyboard;
			sourceTree = "<group>";
		};
		FA61FCEA26C9575600F79329 /* LaunchScreen.storyboard */ = {
			isa = PBXVariantGroup;
			children = (
				FA61FCEB26C9575600F79329 /* Base */,
			);
			name = LaunchScreen.storyboard;
			sourceTree = "<group>";
		};
/* End PBXVariantGroup section */

/* Begin XCBuildConfiguration section */
		FA61FCEE26C9575600F79329 /* Debug */ = {
			isa = XCBuildConfiguration;
			buildSettings = {
				ALWAYS_SEARCH_USER_PATHS = NO;
				CLANG_ANALYZER_NONNULL = YES;
				CLANG_ANALYZER_NUMBER_OBJECT_CONVERSION = YES_AGGRESSIVE;
				CLANG_CXX_LANGUAGE_STANDARD = "gnu++14";
				CLANG_CXX_LIBRARY = "libc++";
				CLANG_ENABLE_MODULES = YES;
				CLANG_ENABLE_OBJC_ARC = YES;
				CLANG_ENABLE_OBJC_WEAK = YES;
				CLANG_WARN_BLOCK_CAPTURE_AUTORELEASING = YES;
				CLANG_WARN_BOOL_CONVERSION = YES;
				CLANG_WARN_COMMA = YES;
				CLANG_WARN_CONSTANT_CONVERSION = YES;
				CLANG_WARN_DEPRECATED_OBJC_IMPLEMENTATIONS = YES;
				CLANG_WARN_DIRECT_OBJC_ISA_USAGE = YES_ERROR;
				CLANG_WARN_DOCUMENTATION_COMMENTS = YES;
				CLANG_WARN_EMPTY_BODY = YES;
				CLANG_WARN_ENUM_CONVERSION = YES;
				CLANG_WARN_INFINITE_RECURSION = YES;
				CLANG_WARN_INT_CONVERSION = YES;
				CLANG_WARN_NON_LITERAL_NULL_CONVERSION = YES;
				CLANG_WARN_OBJC_IMPLICIT_RETAIN_SELF = YES;
				CLANG_WARN_OBJC_LITERAL_CONVERSION = YES;
				CLANG_WARN_OBJC_ROOT_CLASS = YES_ERROR;
				CLANG_WARN_QUOTED_INCLUDE_IN_FRAMEWORK_HEADER = YES;
				CLANG_WARN_RANGE_LOOP_ANALYSIS = YES;
				CLANG_WARN_STRICT_PROTOTYPES = YES;
				CLANG_WARN_SUSPICIOUS_MOVE = YES;
				CLANG_WARN_UNGUARDED_AVAILABILITY = YES_AGGRESSIVE;
				CLANG_WARN_UNREACHABLE_CODE = YES;
				CLANG_WARN__DUPLICATE_METHOD_MATCH = YES;
				COPY_PHASE_STRIP = NO;
				DEBUG_INFORMATION_FORMAT = dwarf;
				ENABLE_STRICT_OBJC_MSGSEND = YES;
				ENABLE_TESTABILITY = YES;
				GCC_C_LANGUAGE_STANDARD = gnu11;
				GCC_DYNAMIC_NO_PIC = NO;
				GCC_NO_COMMON_BLOCKS = YES;
				GCC_OPTIMIZATION_LEVEL = 0;
				GCC_PREPROCESSOR_DEFINITIONS = (
					"DEBUG=1",
					"$(inherited)",
				);
				GCC_WARN_64_TO_32_BIT_CONVERSION = YES;
				GCC_WARN_ABOUT_RETURN_TYPE = YES_ERROR;
				GCC_WARN_UNDECLARED_SELECTOR = YES;
				GCC_WARN_UNINITIALIZED_AUTOS = YES_AGGRESSIVE;
				GCC_WARN_UNUSED_FUNCTION = YES;
				GCC_WARN_UNUSED_VARIABLE = YES;
				IPHONEOS_DEPLOYMENT_TARGET = 14.5;
				MTL_ENABLE_DEBUG_INFO = INCLUDE_SOURCE;
				MTL_FAST_MATH = YES;
				ONLY_ACTIVE_ARCH = YES;
				SDKROOT = iphoneos;
				SWIFT_ACTIVE_COMPILATION_CONDITIONS = DEBUG;
				SWIFT_OPTIMIZATION_LEVEL = "-Onone";
			};
			name = Debug;
		};
		FA61FCEF26C9575600F79329 /* Release */ = {
			isa = XCBuildConfiguration;
			buildSettings = {
				ALWAYS_SEARCH_USER_PATHS = NO;
				CLANG_ANALYZER_NONNULL = YES;
				CLANG_ANALYZER_NUMBER_OBJECT_CONVERSION = YES_AGGRESSIVE;
				CLANG_CXX_LANGUAGE_STANDARD = "gnu++14";
				CLANG_CXX_LIBRARY = "libc++";
				CLANG_ENABLE_MODULES = YES;
				CLANG_ENABLE_OBJC_ARC = YES;
				CLANG_ENABLE_OBJC_WEAK = YES;
				CLANG_WARN_BLOCK_CAPTURE_AUTORELEASING = YES;
				CLANG_WARN_BOOL_CONVERSION = YES;
				CLANG_WARN_COMMA = YES;
				CLANG_WARN_CONSTANT_CONVERSION = YES;
				CLANG_WARN_DEPRECATED_OBJC_IMPLEMENTATIONS = YES;
				CLANG_WARN_DIRECT_OBJC_ISA_USAGE = YES_ERROR;
				CLANG_WARN_DOCUMENTATION_COMMENTS = YES;
				CLANG_WARN_EMPTY_BODY = YES;
				CLANG_WARN_ENUM_CONVERSION = YES;
				CLANG_WARN_INFINITE_RECURSION = YES;
				CLANG_WARN_INT_CONVERSION = YES;
				CLANG_WARN_NON_LITERAL_NULL_CONVERSION = YES;
				CLANG_WARN_OBJC_IMPLICIT_RETAIN_SELF = YES;
				CLANG_WARN_OBJC_LITERAL_CONVERSION = YES;
				CLANG_WARN_OBJC_ROOT_CLASS = YES_ERROR;
				CLANG_WARN_QUOTED_INCLUDE_IN_FRAMEWORK_HEADER = YES;
				CLANG_WARN_RANGE_LOOP_ANALYSIS = YES;
				CLANG_WARN_STRICT_PROTOTYPES = YES;
				CLANG_WARN_SUSPICIOUS_MOVE = YES;
				CLANG_WARN_UNGUARDED_AVAILABILITY = YES_AGGRESSIVE;
				CLANG_WARN_UNREACHABLE_CODE = YES;
				CLANG_WARN__DUPLICATE_METHOD_MATCH = YES;
				COPY_PHASE_STRIP = NO;
				DEBUG_INFORMATION_FORMAT = "dwarf-with-dsym";
				ENABLE_NS_ASSERTIONS = NO;
				ENABLE_STRICT_OBJC_MSGSEND = YES;
				GCC_C_LANGUAGE_STANDARD = gnu11;
				GCC_NO_COMMON_BLOCKS = YES;
				GCC_WARN_64_TO_32_BIT_CONVERSION = YES;
				GCC_WARN_ABOUT_RETURN_TYPE = YES_ERROR;
				GCC_WARN_UNDECLARED_SELECTOR = YES;
				GCC_WARN_UNINITIALIZED_AUTOS = YES_AGGRESSIVE;
				GCC_WARN_UNUSED_FUNCTION = YES;
				GCC_WARN_UNUSED_VARIABLE = YES;
				IPHONEOS_DEPLOYMENT_TARGET = 14.5;
				MTL_ENABLE_DEBUG_INFO = NO;
				MTL_FAST_MATH = YES;
				SDKROOT = iphoneos;
				SWIFT_COMPILATION_MODE = wholemodule;
				SWIFT_OPTIMIZATION_LEVEL = "-O";
				VALIDATE_PRODUCT = YES;
			};
			name = Release;
		};
		FA61FCF126C9575600F79329 /* Debug */ = {
			isa = XCBuildConfiguration;
			buildSettings = {
				ASSETCATALOG_COMPILER_APPICON_NAME = AppIcon;
				ASSETCATALOG_COMPILER_GLOBAL_ACCENT_COLOR_NAME = AccentColor;
				CODE_SIGN_STYLE = Automatic;
				DEVELOPMENT_TEAM = WJVGRM2SN6;
				INFOPLIST_FILE = Table/Info.plist;
				LD_RUNPATH_SEARCH_PATHS = (
					"$(inherited)",
					"@executable_path/Frameworks",
				);
				PRODUCT_BUNDLE_IDENTIFIER = WS.Table;
				PRODUCT_NAME = "$(TARGET_NAME)";
				SWIFT_VERSION = 5.0;
				TARGETED_DEVICE_FAMILY = 1;
			};
			name = Debug;
		};
		FA61FCF226C9575600F79329 /* Release */ = {
			isa = XCBuildConfiguration;
			buildSettings = {
				ASSETCATALOG_COMPILER_APPICON_NAME = AppIcon;
				ASSETCATALOG_COMPILER_GLOBAL_ACCENT_COLOR_NAME = AccentColor;
				CODE_SIGN_STYLE = Automatic;
				DEVELOPMENT_TEAM = WJVGRM2SN6;
				INFOPLIST_FILE = Table/Info.plist;
				LD_RUNPATH_SEARCH_PATHS = (
					"$(inherited)",
					"@executable_path/Frameworks",
				);
				PRODUCT_BUNDLE_IDENTIFIER = WS.Table;
				PRODUCT_NAME = "$(TARGET_NAME)";
				SWIFT_VERSION = 5.0;
				TARGETED_DEVICE_FAMILY = 1;
			};
			name = Release;
		};
/* End XCBuildConfiguration section */

/* Begin XCConfigurationList section */
		FA61FCD726C9575600F79329 /* Build configuration list for PBXProject "Table" */ = {
			isa = XCConfigurationList;
			buildConfigurations = (
				FA61FCEE26C9575600F79329 /* Debug */,
				FA61FCEF26C9575600F79329 /* Release */,
			);
			defaultConfigurationIsVisible = 0;
			defaultConfigurationName = Release;
		};
		FA61FCF026C9575600F79329 /* Build configuration list for PBXNativeTarget "Table" */ = {
			isa = XCConfigurationList;
			buildConfigurations = (
				FA61FCF126C9575600F79329 /* Debug */,
				FA61FCF226C9575600F79329 /* Release */,
			);
			defaultConfigurationIsVisible = 0;
			defaultConfigurationName = Release;
		};
/* End XCConfigurationList section */
	};
	rootObject = FA61FCD426C9575600F79329 /* Project object */;
}
